
Microsoft Visual Studio Solution File, Format Version 12.00
# Visual Studio Version 17
VisualStudioVersion = 17.14.36811.4 d17.14
MinimumVisualStudioVersion = 10.0.40219.1
Project("{FAE04EC0-301F-11D3-BF4B-00C04F79EFBC}") = "Todo", "Todo.csproj", "{69080468-4AEA-4DE2-A983-B4490DA27CDB}"
EndProject
Global
	GlobalSection(SolutionConfigurationPlatforms) = preSolution
		Debug|Any CPU = Debug|Any CPU
		Release|Any CPU = Release|Any CPU
	EndGlobalSection
	GlobalSection(ProjectConfigurationPlatforms) = postSolution
		{69080468-4AEA-4DE2-A983-B4490DA27CDB}.Debug|Any CPU.ActiveCfg = Debug|Any CPU
		{69080468-4AEA-4DE2-A983-B4490DA27CDB}.Debug|Any CPU.Build.0 = Debug|Any CPU
		{69080468-4AEA-4DE2-A983-B4490DA27CDB}.Release|Any CPU.ActiveCfg = Release|Any CPU
		{69080468-4AEA-4DE2-A983-B4490DA27CDB}.Release|Any CPU.Build.0 = Release|Any CPU
	EndGlobalSection
	GlobalSection(SolutionProperties) = preSolution
		HideSolutionNode = FALSE
	EndGlobalSection
	GlobalSection(ExtensibilityGlobals) = postSolution
		SolutionGuid = {23705817-EDAA-497D-BFBC-7FC190626895}
	EndGlobalSection
EndGlobal
